
Microsoft Visual Studio Solution File, Format Version 12.00
# Visual Studio Version 17
VisualStudioVersion = 17.9.34622.214
MinimumVisualStudioVersion = 10.0.40219.1
Project("{FAE04EC0-301F-11D3-BF4B-00C04F79EFBC}") = "MobileControlGuru", "MobileControlGuru.csproj", "{1608A03F-C735-44A7-9BD8-A4C654C03B70}"
EndProject
Global
	GlobalSection(SolutionConfigurationPlatforms) = preSolution
		Debug|Any CPU = Debug|Any CPU
		Release|Any CPU = Release|Any CPU
	EndGlobalSection
	GlobalSection(ProjectConfigurationPlatforms) = postSolution
		{1608A03F-C735-44A7-9BD8-A4C654C03B70}.Debug|Any CPU.ActiveCfg = Debug|Any CPU
		{1608A03F-C735-44A7-9BD8-A4C654C03B70}.Debug|Any CPU.Build.0 = Debug|Any CPU
		{1608A03F-C735-44A7-9BD8-A4C654C03B70}.Release|Any CPU.ActiveCfg = Release|Any CPU
		{1608A03F-C735-44A7-9BD8-A4C654C03B70}.Release|Any CPU.Build.0 = Release|Any CPU
	EndGlobalSection
	GlobalSection(SolutionProperties) = preSolution
		HideSolutionNode = FALSE
	EndGlobalSection
	GlobalSection(ExtensibilityGlobals) = postSolution
		SolutionGuid = {14A00F26-7AC4-4F6B-B4D0-41546EBE0CA0}
	EndGlobalSection
EndGlobal
